// !$*UTF8*$!
{
	archiveVersion = 1;
	classes = {
	};
	objectVersion = 77;
	objects = {

/* Begin PBXBuildFile section */
		F19E1E262ECB477C00183F02 /* OpenAPIRuntime in Frameworks */ = {isa = PBXBuildFile; productRef = F19E1E252ECB477C00183F02 /* OpenAPIRuntime */; };
		F19E1E292ECB479900183F02 /* OpenAPIURLSession in Frameworks */ = {isa = PBXBuildFile; productRef = F19E1E282ECB479900183F02 /* OpenAPIURLSession */; };
		F19E1E462ECB4C2F00183F02 /* Assets.xcassets in Resources */ = {isa = PBXBuildFile; fileRef = F19E1E422ECB4C2F00183F02 /* Assets.xcassets */; };
		F19E1E472ECB4C2F00183F02 /* ContentView.swift in Sources */ = {isa = PBXBuildFile; fileRef = F19E1E432ECB4C2F00183F02 /* ContentView.swift */; };
		F19E1E482ECB4C2F00183F02 /* TrainsApp.swift in Sources */ = {isa = PBXBuildFile; fileRef = F19E1E442ECB4C2F00183F02 /* TrainsApp.swift */; };
		F19E1E4B2ECB4C7000183F02 /* openapi.yaml in Resources */ = {isa = PBXBuildFile; fileRef = F19E1E4A2ECB4C7000183F02 /* openapi.yaml */; };
		F19E1E4D2ECB4F9100183F02 /* openapi-generator-config.yaml in Resources */ = {isa = PBXBuildFile; fileRef = F19E1E4C2ECB4F9100183F02 /* openapi-generator-config.yaml */; };
		F19E1E5D2ECDA50F00183F02 /* NearestStationsService.swift in Sources */ = {isa = PBXBuildFile; fileRef = F19E1E5C2ECDA50F00183F02 /* NearestStationsService.swift */; };
		F19E1E9B2ECF373500183F02 /* CopyrightService.swift in Sources */ = {isa = PBXBuildFile; fileRef = F19E1E9A2ECF373500183F02 /* CopyrightService.swift */; };
		F19E1E9E2ECF37D300183F02 /* SearchService.swift in Sources */ = {isa = PBXBuildFile; fileRef = F19E1E9D2ECF37D300183F02 /* SearchService.swift */; };
		F19E1EA12ECF37F100183F02 /* ScheduleService.swift in Sources */ = {isa = PBXBuildFile; fileRef = F19E1EA02ECF37F100183F02 /* ScheduleService.swift */; };
		F19E1EA42ECF380D00183F02 /* ThreadService.swift in Sources */ = {isa = PBXBuildFile; fileRef = F19E1EA32ECF380D00183F02 /* ThreadService.swift */; };
		F19E1EA82ECF382E00183F02 /* NearestSettlementService.swift in Sources */ = {isa = PBXBuildFile; fileRef = F19E1EA72ECF382E00183F02 /* NearestSettlementService.swift */; };
		F19E1EAB2ECF384600183F02 /* CarrierService.swift in Sources */ = {isa = PBXBuildFile; fileRef = F19E1EAA2ECF384600183F02 /* CarrierService.swift */; };
		F19E1EAE2ECF385D00183F02 /* StationsListService.swift in Sources */ = {isa = PBXBuildFile; fileRef = F19E1EAD2ECF385D00183F02 /* StationsListService.swift */; };
		F1E7C62C2EF96B4400814681 /* LaunchScreen.storyboard in Resources */ = {isa = PBXBuildFile; fileRef = F1E7C62B2EF96B4400814681 /* LaunchScreen.storyboard */; };
/* End PBXBuildFile section */

/* Begin PBXFileReference section */
		F19E1E0C2ECB3C2800183F02 /* Trains.app */ = {isa = PBXFileReference; explicitFileType = wrapper.application; includeInIndex = 0; path = Trains.app; sourceTree = BUILT_PRODUCTS_DIR; };
		F19E1E422ECB4C2F00183F02 /* Assets.xcassets */ = {isa = PBXFileReference; lastKnownFileType = folder.assetcatalog; path = Assets.xcassets; sourceTree = "<group>"; };
		F19E1E432ECB4C2F00183F02 /* ContentView.swift */ = {isa = PBXFileReference; lastKnownFileType = sourcecode.swift; path = ContentView.swift; sourceTree = "<group>"; };
		F19E1E442ECB4C2F00183F02 /* TrainsApp.swift */ = {isa = PBXFileReference; lastKnownFileType = sourcecode.swift; path = TrainsApp.swift; sourceTree = "<group>"; };
		F19E1E4A2ECB4C7000183F02 /* openapi.yaml */ = {isa = PBXFileReference; lastKnownFileType = text.yaml; path = openapi.yaml; sourceTree = "<group>"; };
		F19E1E4C2ECB4F9100183F02 /* openapi-generator-config.yaml */ = {isa = PBXFileReference; lastKnownFileType = text.yaml; path = "openapi-generator-config.yaml"; sourceTree = "<group>"; };
		F19E1E5C2ECDA50F00183F02 /* NearestStationsService.swift */ = {isa = PBXFileReference; lastKnownFileType = sourcecode.swift; path = NearestStationsService.swift; sourceTree = "<group>"; };
		F19E1E9A2ECF373500183F02 /* CopyrightService.swift */ = {isa = PBXFileReference; lastKnownFileType = sourcecode.swift; path = CopyrightService.swift; sourceTree = "<group>"; };
		F19E1E9D2ECF37D300183F02 /* SearchService.swift */ = {isa = PBXFileReference; lastKnownFileType = sourcecode.swift; path = SearchService.swift; sourceTree = "<group>"; };
		F19E1EA02ECF37F100183F02 /* ScheduleService.swift */ = {isa = PBXFileReference; lastKnownFileType = sourcecode.swift; path = ScheduleService.swift; sourceTree = "<group>"; };
		F19E1EA32ECF380D00183F02 /* ThreadService.swift */ = {isa = PBXFileReference; lastKnownFileType = sourcecode.swift; path = ThreadService.swift; sourceTree = "<group>"; };
		F19E1EA72ECF382E00183F02 /* NearestSettlementService.swift */ = {isa = PBXFileReference; lastKnownFileType = sourcecode.swift; path = NearestSettlementService.swift; sourceTree = "<group>"; };
		F19E1EAA2ECF384600183F02 /* CarrierService.swift */ = {isa = PBXFileReference; lastKnownFileType = sourcecode.swift; path = CarrierService.swift; sourceTree = "<group>"; };
		F19E1EAD2ECF385D00183F02 /* StationsListService.swift */ = {isa = PBXFileReference; lastKnownFileType = sourcecode.swift; path = StationsListService.swift; sourceTree = "<group>"; };
		F1E7C62B2EF96B4400814681 /* LaunchScreen.storyboard */ = {isa = PBXFileReference; lastKnownFileType = file.storyboard; path = LaunchScreen.storyboard; sourceTree = "<group>"; };
/* End PBXFileReference section */

/* Begin PBXFrameworksBuildPhase section */
		F19E1E092ECB3C2800183F02 /* Frameworks */ = {
			isa = PBXFrameworksBuildPhase;
			buildActionMask = 2147483647;
			files = (
				F19E1E292ECB479900183F02 /* OpenAPIURLSession in Frameworks */,
				F19E1E262ECB477C00183F02 /* OpenAPIRuntime in Frameworks */,
			);
			runOnlyForDeploymentPostprocessing = 0;
		};
/* End PBXFrameworksBuildPhase section */

/* Begin PBXGroup section */
		F19E1E032ECB3C2800183F02 = {
			isa = PBXGroup;
			children = (
				F19E1E452ECB4C2F00183F02 /* Trains */,
				F19E1E342ECB4A2C00183F02 /* Frameworks */,
				F19E1E0D2ECB3C2800183F02 /* Products */,
			);
			sourceTree = "<group>";
		};
		F19E1E0D2ECB3C2800183F02 /* Products */ = {
			isa = PBXGroup;
			children = (
				F19E1E0C2ECB3C2800183F02 /* Trains.app */,
			);
			name = Products;
			sourceTree = "<group>";
		};
		F19E1E342ECB4A2C00183F02 /* Frameworks */ = {
			isa = PBXGroup;
			children = (
			);
			name = Frameworks;
			sourceTree = "<group>";
		};
		F19E1E452ECB4C2F00183F02 /* Trains */ = {
			isa = PBXGroup;
			children = (
				F19E1E562ECDA4EE00183F02 /* Views */,
				F19E1E522ECDA4A600183F02 /* Services */,
				F19E1E492ECB4C4300183F02 /* Resources */,
				F19E1E442ECB4C2F00183F02 /* TrainsApp.swift */,
			);
			path = Trains;
			sourceTree = "<group>";
		};
		F19E1E492ECB4C4300183F02 /* Resources */ = {
			isa = PBXGroup;
			children = (
				F1E7C62B2EF96B4400814681 /* LaunchScreen.storyboard */,
				F19E1E422ECB4C2F00183F02 /* Assets.xcassets */,
				F19E1E4A2ECB4C7000183F02 /* openapi.yaml */,
				F19E1E4C2ECB4F9100183F02 /* openapi-generator-config.yaml */,
			);
			path = Resources;
			sourceTree = "<group>";
		};
		F19E1E522ECDA4A600183F02 /* Services */ = {
			isa = PBXGroup;
			children = (
				F19E1E5C2ECDA50F00183F02 /* NearestStationsService.swift */,
				F19E1E9A2ECF373500183F02 /* CopyrightService.swift */,
				F19E1E9D2ECF37D300183F02 /* SearchService.swift */,
				F19E1EA02ECF37F100183F02 /* ScheduleService.swift */,
				F19E1EA32ECF380D00183F02 /* ThreadService.swift */,
				F19E1EA72ECF382E00183F02 /* NearestSettlementService.swift */,
				F19E1EAA2ECF384600183F02 /* CarrierService.swift */,
				F19E1EAD2ECF385D00183F02 /* StationsListService.swift */,
			);
			path = Services;
			sourceTree = "<group>";
		};
		F19E1E562ECDA4EE00183F02 /* Views */ = {
			isa = PBXGroup;
			children = (
				F19E1E432ECB4C2F00183F02 /* ContentView.swift */,
			);
			path = Views;
			sourceTree = "<group>";
		};
/* End PBXGroup section */

/* Begin PBXNativeTarget section */
		F19E1E0B2ECB3C2800183F02 /* Trains */ = {
			isa = PBXNativeTarget;
			buildConfigurationList = F19E1E172ECB3C2900183F02 /* Build configuration list for PBXNativeTarget "Trains" */;
			buildPhases = (
				F19E1E082ECB3C2800183F02 /* Sources */,
				F19E1E092ECB3C2800183F02 /* Frameworks */,
				F19E1E0A2ECB3C2800183F02 /* Resources */,
			);
			buildRules = (
			);
			dependencies = (
				F19E1E412ECB4B7100183F02 /* PBXTargetDependency */,
			);
			name = Trains;
			packageProductDependencies = (
				F19E1E252ECB477C00183F02 /* OpenAPIRuntime */,
				F19E1E282ECB479900183F02 /* OpenAPIURLSession */,
			);
			productName = Trains;
			productReference = F19E1E0C2ECB3C2800183F02 /* Trains.app */;
			productType = "com.apple.product-type.application";
		};
/* End PBXNativeTarget section */

/* Begin PBXProject section */
		F19E1E042ECB3C2800183F02 /* Project object */ = {
			isa = PBXProject;
			attributes = {
				BuildIndependentTargetsInParallel = 1;
				LastSwiftUpdateCheck = 2610;
				LastUpgradeCheck = 2610;
				TargetAttributes = {
					F19E1E0B2ECB3C2800183F02 = {
						CreatedOnToolsVersion = 26.1.1;
					};
				};
			};
			buildConfigurationList = F19E1E072ECB3C2800183F02 /* Build configuration list for PBXProject "Trains" */;
			developmentRegion = en;
			hasScannedForEncodings = 0;
			knownRegions = (
				en,
				Base,
			);
			mainGroup = F19E1E032ECB3C2800183F02;
			minimizedProjectReferenceProxies = 1;
			packageReferences = (
				F19E1E242ECB477C00183F02 /* XCRemoteSwiftPackageReference "swift-openapi-runtime" */,
				F19E1E272ECB479900183F02 /* XCRemoteSwiftPackageReference "swift-openapi-urlsession" */,
				F19E1E372ECB4AD600183F02 /* XCRemoteSwiftPackageReference "swift-openapi-generator" */,
			);
			preferredProjectObjectVersion = 77;
			productRefGroup = F19E1E0D2ECB3C2800183F02 /* Products */;
			projectDirPath = "";
			projectRoot = "";
			targets = (
				F19E1E0B2ECB3C2800183F02 /* Trains */,
			);
		};
/* End PBXProject section */

/* Begin PBXResourcesBuildPhase section */
		F19E1E0A2ECB3C2800183F02 /* Resources */ = {
			isa = PBXResourcesBuildPhase;
			buildActionMask = 2147483647;
			files = (
				F19E1E462ECB4C2F00183F02 /* Assets.xcassets in Resources */,
				F1E7C62C2EF96B4400814681 /* LaunchScreen.storyboard in Resources */,
				F19E1E4B2ECB4C7000183F02 /* openapi.yaml in Resources */,
				F19E1E4D2ECB4F9100183F02 /* openapi-generator-config.yaml in Resources */,
			);
			runOnlyForDeploymentPostprocessing = 0;
		};
/* End PBXResourcesBuildPhase section */

/* Begin PBXSourcesBuildPhase section */
		F19E1E082ECB3C2800183F02 /* Sources */ = {
			isa = PBXSourcesBuildPhase;
			buildActionMask = 2147483647;
			files = (
				F19E1EAB2ECF384600183F02 /* CarrierService.swift in Sources */,
				F19E1EA12ECF37F100183F02 /* ScheduleService.swift in Sources */,
				F19E1EA82ECF382E00183F02 /* NearestSettlementService.swift in Sources */,
				F19E1E472ECB4C2F00183F02 /* ContentView.swift in Sources */,
				F19E1EAE2ECF385D00183F02 /* StationsListService.swift in Sources */,
				F19E1EA42ECF380D00183F02 /* ThreadService.swift in Sources */,
				F19E1E5D2ECDA50F00183F02 /* NearestStationsService.swift in Sources */,
				F19E1E9E2ECF37D300183F02 /* SearchService.swift in Sources */,
				F19E1E482ECB4C2F00183F02 /* TrainsApp.swift in Sources */,
				F19E1E9B2ECF373500183F02 /* CopyrightService.swift in Sources */,
			);
			runOnlyForDeploymentPostprocessing = 0;
		};
/* End PBXSourcesBuildPhase section */

/* Begin PBXTargetDependency section */
		F19E1E412ECB4B7100183F02 /* PBXTargetDependency */ = {
			isa = PBXTargetDependency;
			productRef = F19E1E402ECB4B7100183F02 /* OpenAPIGenerator */;
		};
/* End PBXTargetDependency section */

/* Begin XCBuildConfiguration section */
		F19E1E152ECB3C2900183F02 /* Debug */ = {
			isa = XCBuildConfiguration;
			buildSettings = {
				ALWAYS_SEARCH_USER_PATHS = NO;
				ASSETCATALOG_COMPILER_GENERATE_SWIFT_ASSET_SYMBOL_EXTENSIONS = YES;
				CLANG_ANALYZER_NONNULL = YES;
				CLANG_ANALYZER_NUMBER_OBJECT_CONVERSION = YES_AGGRESSIVE;
				CLANG_CXX_LANGUAGE_STANDARD = "gnu++20";
				CLANG_ENABLE_MODULES = YES;
				CLANG_ENABLE_OBJC_ARC = YES;
				CLANG_ENABLE_OBJC_WEAK = YES;
				CLANG_WARN_BLOCK_CAPTURE_AUTORELEASING = YES;
				CLANG_WARN_BOOL_CONVERSION = YES;
				CLANG_WARN_COMMA = YES;
				CLANG_WARN_CONSTANT_CONVERSION = YES;
				CLANG_WARN_DEPRECATED_OBJC_IMPLEMENTATIONS = YES;
				CLANG_WARN_DIRECT_OBJC_ISA_USAGE = YES_ERROR;
				CLANG_WARN_DOCUMENTATION_COMMENTS = YES;
				CLANG_WARN_EMPTY_BODY = YES;
				CLANG_WARN_ENUM_CONVERSION = YES;
				CLANG_WARN_INFINITE_RECURSION = YES;
				CLANG_WARN_INT_CONVERSION = YES;
				CLANG_WARN_NON_LITERAL_NULL_CONVERSION = YES;
				CLANG_WARN_OBJC_IMPLICIT_RETAIN_SELF = YES;
				CLANG_WARN_OBJC_LITERAL_CONVERSION = YES;
				CLANG_WARN_OBJC_ROOT_CLASS = YES_ERROR;
				CLANG_WARN_QUOTED_INCLUDE_IN_FRAMEWORK_HEADER = YES;
				CLANG_WARN_RANGE_LOOP_ANALYSIS = YES;
				CLANG_WARN_STRICT_PROTOTYPES = YES;
				CLANG_WARN_SUSPICIOUS_MOVE = YES;
				CLANG_WARN_UNGUARDED_AVAILABILITY = YES_AGGRESSIVE;
				CLANG_WARN_UNREACHABLE_CODE = YES;
				CLANG_WARN__DUPLICATE_METHOD_MATCH = YES;
				COPY_PHASE_STRIP = NO;
				DEBUG_INFORMATION_FORMAT = dwarf;
				DEVELOPMENT_TEAM = Q72QYS5LYZ;
				ENABLE_STRICT_OBJC_MSGSEND = YES;
				ENABLE_TESTABILITY = YES;
				ENABLE_USER_SCRIPT_SANDBOXING = YES;
				GCC_C_LANGUAGE_STANDARD = gnu17;
				GCC_DYNAMIC_NO_PIC = NO;
				GCC_NO_COMMON_BLOCKS = YES;
				GCC_OPTIMIZATION_LEVEL = 0;
				GCC_PREPROCESSOR_DEFINITIONS = (
					"DEBUG=1",
					"$(inherited)",
				);
				GCC_WARN_64_TO_32_BIT_CONVERSION = YES;
				GCC_WARN_ABOUT_RETURN_TYPE = YES_ERROR;
				GCC_WARN_UNDECLARED_SELECTOR = YES;
				GCC_WARN_UNINITIALIZED_AUTOS = YES_AGGRESSIVE;
				GCC_WARN_UNUSED_FUNCTION = YES;
				GCC_WARN_UNUSED_VARIABLE = YES;
				IPHONEOS_DEPLOYMENT_TARGET = 26.1;
				LOCALIZATION_PREFERS_STRING_CATALOGS = YES;
				MTL_ENABLE_DEBUG_INFO = INCLUDE_SOURCE;
				MTL_FAST_MATH = YES;
				ONLY_ACTIVE_ARCH = YES;
				SDKROOT = iphoneos;
				SWIFT_ACTIVE_COMPILATION_CONDITIONS = "DEBUG $(inherited)";
				SWIFT_OPTIMIZATION_LEVEL = "-Onone";
			};
			name = Debug;
		};
		F19E1E162ECB3C2900183F02 /* Release */ = {
			isa = XCBuildConfiguration;
			buildSettings = {
				ALWAYS_SEARCH_USER_PATHS = NO;
				ASSETCATALOG_COMPILER_GENERATE_SWIFT_ASSET_SYMBOL_EXTENSIONS = YES;
				CLANG_ANALYZER_NONNULL = YES;
				CLANG_ANALYZER_NUMBER_OBJECT_CONVERSION = YES_AGGRESSIVE;
				CLANG_CXX_LANGUAGE_STANDARD = "gnu++20";
				CLANG_ENABLE_MODULES = YES;
				CLANG_ENABLE_OBJC_ARC = YES;
				CLANG_ENABLE_OBJC_WEAK = YES;
				CLANG_WARN_BLOCK_CAPTURE_AUTORELEASING = YES;
				CLANG_WARN_BOOL_CONVERSION = YES;
				CLANG_WARN_COMMA = YES;
				CLANG_WARN_CONSTANT_CONVERSION = YES;
				CLANG_WARN_DEPRECATED_OBJC_IMPLEMENTATIONS = YES;
				CLANG_WARN_DIRECT_OBJC_ISA_USAGE = YES_ERROR;
				CLANG_WARN_DOCUMENTATION_COMMENTS = YES;
				CLANG_WARN_EMPTY_BODY = YES;
				CLANG_WARN_ENUM_CONVERSION = YES;
				CLANG_WARN_INFINITE_RECURSION = YES;
				CLANG_WARN_INT_CONVERSION = YES;
				CLANG_WARN_NON_LITERAL_NULL_CONVERSION = YES;
				CLANG_WARN_OBJC_IMPLICIT_RETAIN_SELF = YES;
				CLANG_WARN_OBJC_LITERAL_CONVERSION = YES;
				CLANG_WARN_OBJC_ROOT_CLASS = YES_ERROR;
				CLANG_WARN_QUOTED_INCLUDE_IN_FRAMEWORK_HEADER = YES;
				CLANG_WARN_RANGE_LOOP_ANALYSIS = YES;
				CLANG_WARN_STRICT_PROTOTYPES = YES;
				CLANG_WARN_SUSPICIOUS_MOVE = YES;
				CLANG_WARN_UNGUARDED_AVAILABILITY = YES_AGGRESSIVE;
				CLANG_WARN_UNREACHABLE_CODE = YES;
				CLANG_WARN__DUPLICATE_METHOD_MATCH = YES;
				COPY_PHASE_STRIP = NO;
				DEBUG_INFORMATION_FORMAT = "dwarf-with-dsym";
				DEVELOPMENT_TEAM = Q72QYS5LYZ;
				ENABLE_NS_ASSERTIONS = NO;
				ENABLE_STRICT_OBJC_MSGSEND = YES;
				ENABLE_USER_SCRIPT_SANDBOXING = YES;
				GCC_C_LANGUAGE_STANDARD = gnu17;
				GCC_NO_COMMON_BLOCKS = YES;
				GCC_WARN_64_TO_32_BIT_CONVERSION = YES;
				GCC_WARN_ABOUT_RETURN_TYPE = YES_ERROR;
				GCC_WARN_UNDECLARED_SELECTOR = YES;
				GCC_WARN_UNINITIALIZED_AUTOS = YES_AGGRESSIVE;
				GCC_WARN_UNUSED_FUNCTION = YES;
				GCC_WARN_UNUSED_VARIABLE = YES;
				IPHONEOS_DEPLOYMENT_TARGET = 26.1;
				LOCALIZATION_PREFERS_STRING_CATALOGS = YES;
				MTL_ENABLE_DEBUG_INFO = NO;
				MTL_FAST_MATH = YES;
				SDKROOT = iphoneos;
				SWIFT_COMPILATION_MODE = wholemodule;
				VALIDATE_PRODUCT = YES;
			};
			name = Release;
		};
		F19E1E182ECB3C2900183F02 /* Debug */ = {
			isa = XCBuildConfiguration;
			buildSettings = {
				ASSETCATALOG_COMPILER_APPICON_NAME = AppIcon;
				ASSETCATALOG_COMPILER_GLOBAL_ACCENT_COLOR_NAME = AccentColor;
				CODE_SIGN_STYLE = Automatic;
				CURRENT_PROJECT_VERSION = 1;
				DEVELOPMENT_TEAM = Q72QYS5LYZ;
				ENABLE_PREVIEWS = YES;
				GENERATE_INFOPLIST_FILE = YES;
				INFOPLIST_KEY_UIApplicationSceneManifest_Generation = YES;
				INFOPLIST_KEY_UIApplicationSupportsIndirectInputEvents = YES;
				INFOPLIST_KEY_UILaunchScreen_Generation = NO;
				INFOPLIST_KEY_UILaunchStoryboardName = LaunchScreen;
				INFOPLIST_KEY_UISupportedInterfaceOrientations_iPad = "UIInterfaceOrientationPortrait UIInterfaceOrientationPortraitUpsideDown UIInterfaceOrientationLandscapeLeft UIInterfaceOrientationLandscapeRight";
				INFOPLIST_KEY_UISupportedInterfaceOrientations_iPhone = "UIInterfaceOrientationPortrait UIInterfaceOrientationLandscapeLeft UIInterfaceOrientationLandscapeRight";
				IPHONEOS_DEPLOYMENT_TARGET = 17;
				LD_RUNPATH_SEARCH_PATHS = (
					"$(inherited)",
					"@executable_path/Frameworks",
				);
				MARKETING_VERSION = 1.0;
				PRODUCT_BUNDLE_IDENTIFIER = ru.yandex.practicum.Trains;
				PRODUCT_NAME = "$(TARGET_NAME)";
				STRING_CATALOG_GENERATE_SYMBOLS = YES;
				SWIFT_APPROACHABLE_CONCURRENCY = YES;
				SWIFT_DEFAULT_ACTOR_ISOLATION = MainActor;
				SWIFT_EMIT_LOC_STRINGS = YES;
				SWIFT_UPCOMING_FEATURE_MEMBER_IMPORT_VISIBILITY = YES;
				SWIFT_VERSION = 5.0;
				TARGETED_DEVICE_FAMILY = "1,2";
			};
			name = Debug;
		};
		F19E1E192ECB3C2900183F02 /* Release */ = {
			isa = XCBuildConfiguration;
			buildSettings = {
				ASSETCATALOG_COMPILER_APPICON_NAME = AppIcon;
				ASSETCATALOG_COMPILER_GLOBAL_ACCENT_COLOR_NAME = AccentColor;
				CODE_SIGN_STYLE = Automatic;
				CURRENT_PROJECT_VERSION = 1;
				DEVELOPMENT_TEAM = Q72QYS5LYZ;
				ENABLE_PREVIEWS = YES;
				GENERATE_INFOPLIST_FILE = YES;
				INFOPLIST_KEY_UIApplicationSceneManifest_Generation = YES;
				INFOPLIST_KEY_UIApplicationSupportsIndirectInputEvents = YES;
				INFOPLIST_KEY_UILaunchScreen_Generation = NO;
				INFOPLIST_KEY_UILaunchStoryboardName = LaunchScreen;
				INFOPLIST_KEY_UISupportedInterfaceOrientations_iPad = "UIInterfaceOrientationPortrait UIInterfaceOrientationPortraitUpsideDown UIInterfaceOrientationLandscapeLeft UIInterfaceOrientationLandscapeRight";
				INFOPLIST_KEY_UISupportedInterfaceOrientations_iPhone = "UIInterfaceOrientationPortrait UIInterfaceOrientationLandscapeLeft UIInterfaceOrientationLandscapeRight";
				IPHONEOS_DEPLOYMENT_TARGET = 17;
				LD_RUNPATH_SEARCH_PATHS = (
					"$(inherited)",
					"@executable_path/Frameworks",
				);
				MARKETING_VERSION = 1.0;
				PRODUCT_BUNDLE_IDENTIFIER = ru.yandex.practicum.Trains;
				PRODUCT_NAME = "$(TARGET_NAME)";
				STRING_CATALOG_GENERATE_SYMBOLS = YES;
				SWIFT_APPROACHABLE_CONCURRENCY = YES;
				SWIFT_DEFAULT_ACTOR_ISOLATION = MainActor;
				SWIFT_EMIT_LOC_STRINGS = YES;
				SWIFT_UPCOMING_FEATURE_MEMBER_IMPORT_VISIBILITY = YES;
				SWIFT_VERSION = 5.0;
				TARGETED_DEVICE_FAMILY = "1,2";
			};
			name = Release;
		};
/* End XCBuildConfiguration section */

/* Begin XCConfigurationList section */
		F19E1E072ECB3C2800183F02 /* Build configuration list for PBXProject "Trains" */ = {
			isa = XCConfigurationList;
			buildConfigurations = (
				F19E1E152ECB3C2900183F02 /* Debug */,
				F19E1E162ECB3C2900183F02 /* Release */,
			);
			defaultConfigurationIsVisible = 0;
			defaultConfigurationName = Release;
		};
		F19E1E172ECB3C2900183F02 /* Build configuration list for PBXNativeTarget "Trains" */ = {
			isa = XCConfigurationList;
			buildConfigurations = (
				F19E1E182ECB3C2900183F02 /* Debug */,
				F19E1E192ECB3C2900183F02 /* Release */,
			);
			defaultConfigurationIsVisible = 0;
			defaultConfigurationName = Release;
		};
/* End XCConfigurationList section */

/* Begin XCRemoteSwiftPackageReference section */
		F19E1E242ECB477C00183F02 /* XCRemoteSwiftPackageReference "swift-openapi-runtime" */ = {
			isa = XCRemoteSwiftPackageReference;
			repositoryURL = "https://github.com/apple/swift-openapi-runtime/";
			requirement = {
				kind = upToNextMajorVersion;
				minimumVersion = 1.8.3;
			};
		};
		F19E1E272ECB479900183F02 /* XCRemoteSwiftPackageReference "swift-openapi-urlsession" */ = {
			isa = XCRemoteSwiftPackageReference;
			repositoryURL = "https://github.com/apple/swift-openapi-urlsession";
			requirement = {
				kind = upToNextMajorVersion;
				minimumVersion = 1.2.0;
			};
		};
		F19E1E372ECB4AD600183F02 /* XCRemoteSwiftPackageReference "swift-openapi-generator" */ = {
			isa = XCRemoteSwiftPackageReference;
			repositoryURL = "https://github.com/apple/swift-openapi-generator";
			requirement = {
				kind = upToNextMajorVersion;
				minimumVersion = 1.10.3;
			};
		};
/* End XCRemoteSwiftPackageReference section */

/* Begin XCSwiftPackageProductDependency section */
		F19E1E252ECB477C00183F02 /* OpenAPIRuntime */ = {
			isa = XCSwiftPackageProductDependency;
			package = F19E1E242ECB477C00183F02 /* XCRemoteSwiftPackageReference "swift-openapi-runtime" */;
			productName = OpenAPIRuntime;
		};
		F19E1E282ECB479900183F02 /* OpenAPIURLSession */ = {
			isa = XCSwiftPackageProductDependency;
			package = F19E1E272ECB479900183F02 /* XCRemoteSwiftPackageReference "swift-openapi-urlsession" */;
			productName = OpenAPIURLSession;
		};
		F19E1E402ECB4B7100183F02 /* OpenAPIGenerator */ = {
			isa = XCSwiftPackageProductDependency;
			package = F19E1E372ECB4AD600183F02 /* XCRemoteSwiftPackageReference "swift-openapi-generator" */;
			productName = "plugin:OpenAPIGenerator";
		};
/* End XCSwiftPackageProductDependency section */
	};
	rootObject = F19E1E042ECB3C2800183F02 /* Project object */;
}
